
Microsoft Visual Studio Solution File, Format Version 12.00
# Visual Studio 2013
VisualStudioVersion = 12.0.21005.1
MinimumVisualStudioVersion = 10.0.40219.1
Project("{FAE04EC0-301F-11D3-BF4B-00C04F79EFBC}") = "Cn.Vcredit.AMS.SavingCardChangeService", "Cn.Vcredit.AMS.SavingCardChangeService\Cn.Vcredit.AMS.SavingCardChangeService.csproj", "{CE9DD89B-1FB1-4AF0-9FC9-B5C9F8E5DB38}"
EndProject
Project("{FAE04EC0-301F-11D3-BF4B-00C04F79EFBC}") = "Cn.Vcredit.AMS.BadTransferService", "Cn.Vcredit.AMS.BadTransferService\Cn.Vcredit.AMS.BadTransferService.csproj", "{F460AAD9-2D09-412E-AE61-6B7D88F64F0B}"
EndProject
Project("{FAE04EC0-301F-11D3-BF4B-00C04F79EFBC}") = "Cn.Vcredit.AMS.BusinessService", "Cn.Vcredit.AMS.BusinessService\Cn.Vcredit.AMS.BusinessService.csproj", "{AF0637F0-03F5-4C39-B098-7926CB14043B}"
EndProject
Project("{FAE04EC0-301F-11D3-BF4B-00C04F79EFBC}") = "Cn.Vcredit.AMS.DataExportService", "Cn.Vcredit.AMS.DataExportService\Cn.Vcredit.AMS.DataExportService.csproj", "{AFBB8885-69AB-4418-BE2F-761CAF08AECE}"
EndProject
Project("{FAE04EC0-301F-11D3-BF4B-00C04F79EFBC}") = "Cn.Vcredit.AMS.OnlineService", "Cn.Vcredit.AMS.OnlineService\Cn.Vcredit.AMS.OnlineService.csproj", "{0A8EA5F1-D676-4605-A42E-1DAF74476737}"
EndProject
Project("{FAE04EC0-301F-11D3-BF4B-00C04F79EFBC}") = "Cn.Vcredit.AMS.TimeLineService", "Cn.Vcredit.AMS.TimeLineService\Cn.Vcredit.AMS.TimeLineService.csproj", "{F991D7C0-94A1-400E-9EC4-1E7AD782182E}"
EndProject
Project("{FAE04EC0-301F-11D3-BF4B-00C04F79EFBC}") = "Cn.Vcredit.AMS.XtgJhzkCheckService", "Cn.Vcredit.AMS.XtgJhzkCheckService\Cn.Vcredit.AMS.XtgJhzkCheckService.csproj", "{3C4FEBA4-2D58-495D-BB1B-5BC057834D82}"
EndProject
Project("{FAE04EC0-301F-11D3-BF4B-00C04F79EFBC}") = "Cn.Vcredit.AMS.PostLoanOverDueReportService", "Cn.Vcredit.AMS.PostLoanOverDueReportService\Cn.Vcredit.AMS.PostLoanOverDueReportService.csproj", "{98F97CDE-7971-4258-8DBE-DD99E8AB33DC}"
EndProject
Project("{FAE04EC0-301F-11D3-BF4B-00C04F79EFBC}") = "Cn.Vcredit.AMS.Entity", "Cn.Vcredit.AMS.Entity\Cn.Vcredit.AMS.Entity.csproj", "{3A8521A0-4161-4D80-856E-8B3EE14E1725}"
EndProject
Project("{FAE04EC0-301F-11D3-BF4B-00C04F79EFBC}") = "Cn.Vcredit.AMS.GuarBusinessSearchService", "Cn.Vcredit.AMS.GuarBusinessSearchService\Cn.Vcredit.AMS.GuarBusinessSearchService.csproj", "{9C89CBF2-B710-4DB2-9BE4-7794578F83C2}"
EndProject
Project("{FAE04EC0-301F-11D3-BF4B-00C04F79EFBC}") = "Cn.Vcredit.AMS.DictionaryService", "Cn.Vcredit.AMS.DictionaryService\Cn.Vcredit.AMS.DictionaryService.csproj", "{116B2756-B29F-4D2F-AF52-81AE3E232186}"
EndProject
Project("{FAE04EC0-301F-11D3-BF4B-00C04F79EFBC}") = "Cn.Vcredit.AMS.BaseService", "Cn.Vcredit.AMS.BaseService\Cn.Vcredit.AMS.BaseService.csproj", "{EBB598C5-A8A8-490D-90FA-06DA316DBE1C}"
EndProject
Project("{FAE04EC0-301F-11D3-BF4B-00C04F79EFBC}") = "Cn.Vcredit.AMS.CustomerSearchService", "Cn.Vcredit.AMS.CustomerSearchService\Cn.Vcredit.AMS.CustomerSearchService.csproj", "{8D3680AF-D784-47D6-A14D-90FD69EF4B6B}"
EndProject
Project("{FAE04EC0-301F-11D3-BF4B-00C04F79EFBC}") = "Cn.Vcredit.AMS.EveryDueRepayReportService", "Cn.Vcredit.AMS.EveryDueRepayReportService\Cn.Vcredit.AMS.EveryDueRepayReportService.csproj", "{D49A87BC-3BB4-4C79-BF60-6686082E4D1D}"
EndProject
Project("{FAE04EC0-301F-11D3-BF4B-00C04F79EFBC}") = "Cn.Vcredit.AMS.EveryDueReportService", "Cn.Vcredit.AMS.EveryDueReportService\Cn.Vcredit.AMS.EveryDueReportService.csproj", "{84B9935B-5048-4521-AA04-CB97C6F876E3}"
EndProject
Project("{FAE04EC0-301F-11D3-BF4B-00C04F79EFBC}") = "Cn.Vcredit.AMS.GuarLitigationService", "Cn.Vcredit.AMS.GuarLitigationService\Cn.Vcredit.AMS.GuarLitigationService.csproj", "{B3E97BAD-35FD-41C4-8F67-75A24A983C46}"
EndProject
Project("{FAE04EC0-301F-11D3-BF4B-00C04F79EFBC}") = "Cn.Vcredit.AMS.DeductRemindService", "Cn.Vcredit.AMS.DeductRemindService\Cn.Vcredit.AMS.DeductRemindService.csproj", "{87EFD9F2-F3B5-424B-8906-B95CD5DB95E8}"
EndProject
Project("{FAE04EC0-301F-11D3-BF4B-00C04F79EFBC}") = "Cn.Vcredit.AMS.BusinessDetailService", "Cn.Vcredit.AMS.BusinessDetailService\Cn.Vcredit.AMS.BusinessDetailService.csproj", "{FBDABE6F-1D93-4F38-8A44-C6424D878BAD}"
EndProject
Project("{FAE04EC0-301F-11D3-BF4B-00C04F79EFBC}") = "Cn.Vcredit.AMS.InterestFitService", "Cn.Vcredit.AMS.InterestFitService\Cn.Vcredit.AMS.InterestFitService.csproj", "{36DF9CD8-9CF1-4028-B1F9-F83493DC5FC6}"
EndProject
Project("{2150E333-8FDC-42A3-9474-1A3956D46DE8}") = "FinanceManage", "FinanceManage", "{039C00AC-0CC3-4728-8361-63C2F40B5374}"
EndProject
Project("{2150E333-8FDC-42A3-9474-1A3956D46DE8}") = "BillDun", "BillDun", "{661E7298-CEDC-495B-9433-FEDAFC687ED3}"
EndProject
Project("{2150E333-8FDC-42A3-9474-1A3956D46DE8}") = "ExamineIMP", "ExamineIMP", "{5B2A00F9-A234-4107-BB31-A64C27CDB7E0}"
EndProject
Project("{2150E333-8FDC-42A3-9474-1A3956D46DE8}") = "Common", "Common", "{6B1EAB06-3ECC-4FC0-803D-799F0D9AC0BD}"
EndProject
Project("{2150E333-8FDC-42A3-9474-1A3956D46DE8}") = "CustomerService", "CustomerService", "{3DC52D24-E40F-4AE1-9114-445DF9A8C8B5}"
EndProject
Project("{FAE04EC0-301F-11D3-BF4B-00C04F79EFBC}") = "Cn.Vcredit.AMS.FulfilGuaranteeService", "Cn.Vcredit.AMS.FulfilGuaranteeService\Cn.Vcredit.AMS.FulfilGuaranteeService.csproj", "{52CA6BA5-F02B-4BBD-B91A-2EEA81AAF749}"
EndProject
Project("{FAE04EC0-301F-11D3-BF4B-00C04F79EFBC}") = "Cn.Vcredit.AMS.DwjmPayConfirm", "Cn.Vcredit.AMS.DwjmPayConfirm\Cn.Vcredit.AMS.DwjmPayConfirm.csproj", "{285E191F-12B9-4CC5-A9D3-4A60AAF8E444}"
EndProject
Project("{FAE04EC0-301F-11D3-BF4B-00C04F79EFBC}") = "Cn.Vcredit.AMS.RelativeDaySearchDunService", "Cn.Vcredit.AMS.RelativeDaySearchDunService\Cn.Vcredit.AMS.RelativeDaySearchDunService.csproj", "{079A2C41-8D84-4E8B-9554-4F9E8723A052}"
EndProject
Project("{FAE04EC0-301F-11D3-BF4B-00C04F79EFBC}") = "Cn.Vcredit.AMS.ClearLoanReasonService", "Cn.Vcredit.AMS.ClearLoanReasonService\Cn.Vcredit.AMS.ClearLoanReasonService.csproj", "{07FE65AD-E303-407B-936B-EAC0766B9EC2}"
EndProject
Global
	GlobalSection(SolutionConfigurationPlatforms) = preSolution
		Debug|Any CPU = Debug|Any CPU
		Release|Any CPU = Release|Any CPU
	EndGlobalSection
	GlobalSection(ProjectConfigurationPlatforms) = postSolution
		{CE9DD89B-1FB1-4AF0-9FC9-B5C9F8E5DB38}.Debug|Any CPU.ActiveCfg = Debug|Any CPU
		{CE9DD89B-1FB1-4AF0-9FC9-B5C9F8E5DB38}.Debug|Any CPU.Build.0 = Debug|Any CPU
		{CE9DD89B-1FB1-4AF0-9FC9-B5C9F8E5DB38}.Release|Any CPU.ActiveCfg = Release|Any CPU
		{CE9DD89B-1FB1-4AF0-9FC9-B5C9F8E5DB38}.Release|Any CPU.Build.0 = Release|Any CPU
		{F460AAD9-2D09-412E-AE61-6B7D88F64F0B}.Debug|Any CPU.ActiveCfg = Debug|Any CPU
		{F460AAD9-2D09-412E-AE61-6B7D88F64F0B}.Debug|Any CPU.Build.0 = Debug|Any CPU
		{F460AAD9-2D09-412E-AE61-6B7D88F64F0B}.Release|Any CPU.ActiveCfg = Release|Any CPU
		{F460AAD9-2D09-412E-AE61-6B7D88F64F0B}.Release|Any CPU.Build.0 = Release|Any CPU
		{AF0637F0-03F5-4C39-B098-7926CB14043B}.Debug|Any CPU.ActiveCfg = Debug|Any CPU
		{AF0637F0-03F5-4C39-B098-7926CB14043B}.Debug|Any CPU.Build.0 = Debug|Any CPU
		{AF0637F0-03F5-4C39-B098-7926CB14043B}.Release|Any CPU.ActiveCfg = Release|Any CPU
		{AF0637F0-03F5-4C39-B098-7926CB14043B}.Release|Any CPU.Build.0 = Release|Any CPU
		{AFBB8885-69AB-4418-BE2F-761CAF08AECE}.Debug|Any CPU.ActiveCfg = Debug|Any CPU
		{AFBB8885-69AB-4418-BE2F-761CAF08AECE}.Debug|Any CPU.Build.0 = Debug|Any CPU
		{AFBB8885-69AB-4418-BE2F-761CAF08AECE}.Release|Any CPU.ActiveCfg = Release|Any CPU
		{AFBB8885-69AB-4418-BE2F-761CAF08AECE}.Release|Any CPU.Build.0 = Release|Any CPU
		{0A8EA5F1-D676-4605-A42E-1DAF74476737}.Debug|Any CPU.ActiveCfg = Debug|Any CPU
		{0A8EA5F1-D676-4605-A42E-1DAF74476737}.Debug|Any CPU.Build.0 = Debug|Any CPU
		{0A8EA5F1-D676-4605-A42E-1DAF74476737}.Release|Any CPU.ActiveCfg = Release|Any CPU
		{0A8EA5F1-D676-4605-A42E-1DAF74476737}.Release|Any CPU.Build.0 = Release|Any CPU
		{F991D7C0-94A1-400E-9EC4-1E7AD782182E}.Debug|Any CPU.ActiveCfg = Debug|Any CPU
		{F991D7C0-94A1-400E-9EC4-1E7AD782182E}.Debug|Any CPU.Build.0 = Debug|Any CPU
		{F991D7C0-94A1-400E-9EC4-1E7AD782182E}.Release|Any CPU.ActiveCfg = Release|Any CPU
		{F991D7C0-94A1-400E-9EC4-1E7AD782182E}.Release|Any CPU.Build.0 = Release|Any CPU
		{3C4FEBA4-2D58-495D-BB1B-5BC057834D82}.Debug|Any CPU.ActiveCfg = Debug|Any CPU
		{3C4FEBA4-2D58-495D-BB1B-5BC057834D82}.Debug|Any CPU.Build.0 = Debug|Any CPU
		{3C4FEBA4-2D58-495D-BB1B-5BC057834D82}.Release|Any CPU.ActiveCfg = Release|Any CPU
		{3C4FEBA4-2D58-495D-BB1B-5BC057834D82}.Release|Any CPU.Build.0 = Release|Any CPU
		{98F97CDE-7971-4258-8DBE-DD99E8AB33DC}.Debug|Any CPU.ActiveCfg = Debug|Any CPU
		{98F97CDE-7971-4258-8DBE-DD99E8AB33DC}.Debug|Any CPU.Build.0 = Debug|Any CPU
		{98F97CDE-7971-4258-8DBE-DD99E8AB33DC}.Release|Any CPU.ActiveCfg = Release|Any CPU
		{98F97CDE-7971-4258-8DBE-DD99E8AB33DC}.Release|Any CPU.Build.0 = Release|Any CPU
		{3A8521A0-4161-4D80-856E-8B3EE14E1725}.Debug|Any CPU.ActiveCfg = Debug|Any CPU
		{3A8521A0-4161-4D80-856E-8B3EE14E1725}.Debug|Any CPU.Build.0 = Debug|Any CPU
		{3A8521A0-4161-4D80-856E-8B3EE14E1725}.Release|Any CPU.ActiveCfg = Release|Any CPU
		{3A8521A0-4161-4D80-856E-8B3EE14E1725}.Release|Any CPU.Build.0 = Release|Any CPU
		{9C89CBF2-B710-4DB2-9BE4-7794578F83C2}.Debug|Any CPU.ActiveCfg = Debug|Any CPU
		{9C89CBF2-B710-4DB2-9BE4-7794578F83C2}.Debug|Any CPU.Build.0 = Debug|Any CPU
		{9C89CBF2-B710-4DB2-9BE4-7794578F83C2}.Release|Any CPU.ActiveCfg = Release|Any CPU
		{9C89CBF2-B710-4DB2-9BE4-7794578F83C2}.Release|Any CPU.Build.0 = Release|Any CPU
		{116B2756-B29F-4D2F-AF52-81AE3E232186}.Debug|Any CPU.ActiveCfg = Debug|Any CPU
		{116B2756-B29F-4D2F-AF52-81AE3E232186}.Debug|Any CPU.Build.0 = Debug|Any CPU
		{116B2756-B29F-4D2F-AF52-81AE3E232186}.Release|Any CPU.ActiveCfg = Release|Any CPU
		{116B2756-B29F-4D2F-AF52-81AE3E232186}.Release|Any CPU.Build.0 = Release|Any CPU
		{EBB598C5-A8A8-490D-90FA-06DA316DBE1C}.Debug|Any CPU.ActiveCfg = Debug|Any CPU
		{EBB598C5-A8A8-490D-90FA-06DA316DBE1C}.Debug|Any CPU.Build.0 = Debug|Any CPU
		{EBB598C5-A8A8-490D-90FA-06DA316DBE1C}.Release|Any CPU.ActiveCfg = Release|Any CPU
		{EBB598C5-A8A8-490D-90FA-06DA316DBE1C}.Release|Any CPU.Build.0 = Release|Any CPU
		{8D3680AF-D784-47D6-A14D-90FD69EF4B6B}.Debug|Any CPU.ActiveCfg = Debug|Any CPU
		{8D3680AF-D784-47D6-A14D-90FD69EF4B6B}.Debug|Any CPU.Build.0 = Debug|Any CPU
		{8D3680AF-D784-47D6-A14D-90FD69EF4B6B}.Release|Any CPU.ActiveCfg = Release|Any CPU
		{8D3680AF-D784-47D6-A14D-90FD69EF4B6B}.Release|Any CPU.Build.0 = Release|Any CPU
		{D49A87BC-3BB4-4C79-BF60-6686082E4D1D}.Debug|Any CPU.ActiveCfg = Debug|Any CPU
		{D49A87BC-3BB4-4C79-BF60-6686082E4D1D}.Debug|Any CPU.Build.0 = Debug|Any CPU
		{D49A87BC-3BB4-4C79-BF60-6686082E4D1D}.Release|Any CPU.ActiveCfg = Release|Any CPU
		{D49A87BC-3BB4-4C79-BF60-6686082E4D1D}.Release|Any CPU.Build.0 = Release|Any CPU
		{84B9935B-5048-4521-AA04-CB97C6F876E3}.Debug|Any CPU.ActiveCfg = Debug|Any CPU
		{84B9935B-5048-4521-AA04-CB97C6F876E3}.Debug|Any CPU.Build.0 = Debug|Any CPU
		{84B9935B-5048-4521-AA04-CB97C6F876E3}.Release|Any CPU.ActiveCfg = Release|Any CPU
		{84B9935B-5048-4521-AA04-CB97C6F876E3}.Release|Any CPU.Build.0 = Release|Any CPU
		{B3E97BAD-35FD-41C4-8F67-75A24A983C46}.Debug|Any CPU.ActiveCfg = Debug|Any CPU
		{B3E97BAD-35FD-41C4-8F67-75A24A983C46}.Debug|Any CPU.Build.0 = Debug|Any CPU
		{B3E97BAD-35FD-41C4-8F67-75A24A983C46}.Release|Any CPU.ActiveCfg = Release|Any CPU
		{B3E97BAD-35FD-41C4-8F67-75A24A983C46}.Release|Any CPU.Build.0 = Release|Any CPU
		{87EFD9F2-F3B5-424B-8906-B95CD5DB95E8}.Debug|Any CPU.ActiveCfg = Debug|Any CPU
		{87EFD9F2-F3B5-424B-8906-B95CD5DB95E8}.Debug|Any CPU.Build.0 = Debug|Any CPU
		{87EFD9F2-F3B5-424B-8906-B95CD5DB95E8}.Release|Any CPU.ActiveCfg = Release|Any CPU
		{87EFD9F2-F3B5-424B-8906-B95CD5DB95E8}.Release|Any CPU.Build.0 = Release|Any CPU
		{FBDABE6F-1D93-4F38-8A44-C6424D878BAD}.Debug|Any CPU.ActiveCfg = Debug|Any CPU
		{FBDABE6F-1D93-4F38-8A44-C6424D878BAD}.Debug|Any CPU.Build.0 = Debug|Any CPU
		{FBDABE6F-1D93-4F38-8A44-C6424D878BAD}.Release|Any CPU.ActiveCfg = Release|Any CPU
		{FBDABE6F-1D93-4F38-8A44-C6424D878BAD}.Release|Any CPU.Build.0 = Release|Any CPU
		{36DF9CD8-9CF1-4028-B1F9-F83493DC5FC6}.Debug|Any CPU.ActiveCfg = Debug|Any CPU
		{36DF9CD8-9CF1-4028-B1F9-F83493DC5FC6}.Debug|Any CPU.Build.0 = Debug|Any CPU
		{36DF9CD8-9CF1-4028-B1F9-F83493DC5FC6}.Release|Any CPU.ActiveCfg = Release|Any CPU
		{36DF9CD8-9CF1-4028-B1F9-F83493DC5FC6}.Release|Any CPU.Build.0 = Release|Any CPU
		{52CA6BA5-F02B-4BBD-B91A-2EEA81AAF749}.Debug|Any CPU.ActiveCfg = Debug|Any CPU
		{52CA6BA5-F02B-4BBD-B91A-2EEA81AAF749}.Debug|Any CPU.Build.0 = Debug|Any CPU
		{52CA6BA5-F02B-4BBD-B91A-2EEA81AAF749}.Release|Any CPU.ActiveCfg = Release|Any CPU
		{52CA6BA5-F02B-4BBD-B91A-2EEA81AAF749}.Release|Any CPU.Build.0 = Release|Any CPU
		{285E191F-12B9-4CC5-A9D3-4A60AAF8E444}.Debug|Any CPU.ActiveCfg = Debug|Any CPU
		{285E191F-12B9-4CC5-A9D3-4A60AAF8E444}.Debug|Any CPU.Build.0 = Debug|Any CPU
		{285E191F-12B9-4CC5-A9D3-4A60AAF8E444}.Release|Any CPU.ActiveCfg = Release|Any CPU
		{285E191F-12B9-4CC5-A9D3-4A60AAF8E444}.Release|Any CPU.Build.0 = Release|Any CPU
		{079A2C41-8D84-4E8B-9554-4F9E8723A052}.Debug|Any CPU.ActiveCfg = Debug|Any CPU
		{079A2C41-8D84-4E8B-9554-4F9E8723A052}.Debug|Any CPU.Build.0 = Debug|Any CPU
		{079A2C41-8D84-4E8B-9554-4F9E8723A052}.Release|Any CPU.ActiveCfg = Release|Any CPU
		{079A2C41-8D84-4E8B-9554-4F9E8723A052}.Release|Any CPU.Build.0 = Release|Any CPU
		{07FE65AD-E303-407B-936B-EAC0766B9EC2}.Debug|Any CPU.ActiveCfg = Debug|Any CPU
		{07FE65AD-E303-407B-936B-EAC0766B9EC2}.Debug|Any CPU.Build.0 = Debug|Any CPU
		{07FE65AD-E303-407B-936B-EAC0766B9EC2}.Release|Any CPU.ActiveCfg = Release|Any CPU
		{07FE65AD-E303-407B-936B-EAC0766B9EC2}.Release|Any CPU.Build.0 = Release|Any CPU
	EndGlobalSection
	GlobalSection(SolutionProperties) = preSolution
		HideSolutionNode = FALSE
	EndGlobalSection
	GlobalSection(NestedProjects) = preSolution
		{9C89CBF2-B710-4DB2-9BE4-7794578F83C2} = {661E7298-CEDC-495B-9433-FEDAFC687ED3}
		{D49A87BC-3BB4-4C79-BF60-6686082E4D1D} = {661E7298-CEDC-495B-9433-FEDAFC687ED3}
		{84B9935B-5048-4521-AA04-CB97C6F876E3} = {661E7298-CEDC-495B-9433-FEDAFC687ED3}
		{B3E97BAD-35FD-41C4-8F67-75A24A983C46} = {661E7298-CEDC-495B-9433-FEDAFC687ED3}
		{CE9DD89B-1FB1-4AF0-9FC9-B5C9F8E5DB38} = {661E7298-CEDC-495B-9433-FEDAFC687ED3}
		{079A2C41-8D84-4E8B-9554-4F9E8723A052} = {661E7298-CEDC-495B-9433-FEDAFC687ED3}
		{07FE65AD-E303-407B-936B-EAC0766B9EC2} = {661E7298-CEDC-495B-9433-FEDAFC687ED3}
		{AF0637F0-03F5-4C39-B098-7926CB14043B} = {039C00AC-0CC3-4728-8361-63C2F40B5374}
		{AFBB8885-69AB-4418-BE2F-761CAF08AECE} = {039C00AC-0CC3-4728-8361-63C2F40B5374}
		{F991D7C0-94A1-400E-9EC4-1E7AD782182E} = {039C00AC-0CC3-4728-8361-63C2F40B5374}
		{3C4FEBA4-2D58-495D-BB1B-5BC057834D82} = {039C00AC-0CC3-4728-8361-63C2F40B5374}
		{FBDABE6F-1D93-4F38-8A44-C6424D878BAD} = {039C00AC-0CC3-4728-8361-63C2F40B5374}
		{36DF9CD8-9CF1-4028-B1F9-F83493DC5FC6} = {039C00AC-0CC3-4728-8361-63C2F40B5374}
		{F460AAD9-2D09-412E-AE61-6B7D88F64F0B} = {039C00AC-0CC3-4728-8361-63C2F40B5374}
		{52CA6BA5-F02B-4BBD-B91A-2EEA81AAF749} = {039C00AC-0CC3-4728-8361-63C2F40B5374}
		{285E191F-12B9-4CC5-A9D3-4A60AAF8E444} = {039C00AC-0CC3-4728-8361-63C2F40B5374}
		{87EFD9F2-F3B5-424B-8906-B95CD5DB95E8} = {5B2A00F9-A234-4107-BB31-A64C27CDB7E0}
		{98F97CDE-7971-4258-8DBE-DD99E8AB33DC} = {5B2A00F9-A234-4107-BB31-A64C27CDB7E0}
		{116B2756-B29F-4D2F-AF52-81AE3E232186} = {6B1EAB06-3ECC-4FC0-803D-799F0D9AC0BD}
		{EBB598C5-A8A8-490D-90FA-06DA316DBE1C} = {6B1EAB06-3ECC-4FC0-803D-799F0D9AC0BD}
		{3A8521A0-4161-4D80-856E-8B3EE14E1725} = {6B1EAB06-3ECC-4FC0-803D-799F0D9AC0BD}
		{8D3680AF-D784-47D6-A14D-90FD69EF4B6B} = {3DC52D24-E40F-4AE1-9114-445DF9A8C8B5}
	EndGlobalSection
	GlobalSection(SubversionScc) = preSolution
		Svn-Managed = True
		Manager = AnkhSVN - Subversion Support for Visual Studio
	EndGlobalSection
EndGlobal
