
Microsoft Visual Studio Solution File, Format Version 12.00
# Visual Studio 2013
VisualStudioVersion = 12.0.21005.1
MinimumVisualStudioVersion = 10.0.40219.1
Project("{FAE04EC0-301F-11D3-BF4B-00C04F79EFBC}") = "Cn.Vcredit.AMS.Entity", "Cn.Vcredit.AMS.Entity\Cn.Vcredit.AMS.Entity.csproj", "{3A8521A0-4161-4D80-856E-8B3EE14E1725}"
EndProject
Project("{FAE04EC0-301F-11D3-BF4B-00C04F79EFBC}") = "Cn.Vcredit.AMS.DictionaryService", "Cn.Vcredit.AMS.DictionaryService\Cn.Vcredit.AMS.DictionaryService.csproj", "{116B2756-B29F-4D2F-AF52-81AE3E232186}"
EndProject
Project("{FAE04EC0-301F-11D3-BF4B-00C04F79EFBC}") = "Cn.Vcredit.AMS.BaseService", "Cn.Vcredit.AMS.BaseService\Cn.Vcredit.AMS.BaseService.csproj", "{EBB598C5-A8A8-490D-90FA-06DA316DBE1C}"
EndProject
Project("{2150E333-8FDC-42A3-9474-1A3956D46DE8}") = "Common", "Common", "{6B1EAB06-3ECC-4FC0-803D-799F0D9AC0BD}"
EndProject
Project("{FAE04EC0-301F-11D3-BF4B-00C04F79EFBC}") = "Cn.Vcredit.AMS.DeductRemindService", "Cn.Vcredit.AMS.DeductRemindService\Cn.Vcredit.AMS.DeductRemindService.csproj", "{87EFD9F2-F3B5-424B-8906-B95CD5DB95E8}"
EndProject
Project("{FAE04EC0-301F-11D3-BF4B-00C04F79EFBC}") = "Cn.Vcredit.AMS.PostLoanOverDueReportService", "Cn.Vcredit.AMS.PostLoanOverDueReportService\Cn.Vcredit.AMS.PostLoanOverDueReportService.csproj", "{98F97CDE-7971-4258-8DBE-DD99E8AB33DC}"
EndProject
Global
	GlobalSection(SolutionConfigurationPlatforms) = preSolution
		Debug|Any CPU = Debug|Any CPU
		Release|Any CPU = Release|Any CPU
	EndGlobalSection
	GlobalSection(ProjectConfigurationPlatforms) = postSolution
		{3A8521A0-4161-4D80-856E-8B3EE14E1725}.Debug|Any CPU.ActiveCfg = Debug|Any CPU
		{3A8521A0-4161-4D80-856E-8B3EE14E1725}.Debug|Any CPU.Build.0 = Debug|Any CPU
		{3A8521A0-4161-4D80-856E-8B3EE14E1725}.Release|Any CPU.ActiveCfg = Release|Any CPU
		{3A8521A0-4161-4D80-856E-8B3EE14E1725}.Release|Any CPU.Build.0 = Release|Any CPU
		{116B2756-B29F-4D2F-AF52-81AE3E232186}.Debug|Any CPU.ActiveCfg = Debug|Any CPU
		{116B2756-B29F-4D2F-AF52-81AE3E232186}.Debug|Any CPU.Build.0 = Debug|Any CPU
		{116B2756-B29F-4D2F-AF52-81AE3E232186}.Release|Any CPU.ActiveCfg = Release|Any CPU
		{116B2756-B29F-4D2F-AF52-81AE3E232186}.Release|Any CPU.Build.0 = Release|Any CPU
		{EBB598C5-A8A8-490D-90FA-06DA316DBE1C}.Debug|Any CPU.ActiveCfg = Debug|Any CPU
		{EBB598C5-A8A8-490D-90FA-06DA316DBE1C}.Debug|Any CPU.Build.0 = Debug|Any CPU
		{EBB598C5-A8A8-490D-90FA-06DA316DBE1C}.Release|Any CPU.ActiveCfg = Release|Any CPU
		{EBB598C5-A8A8-490D-90FA-06DA316DBE1C}.Release|Any CPU.Build.0 = Release|Any CPU
		{87EFD9F2-F3B5-424B-8906-B95CD5DB95E8}.Debug|Any CPU.ActiveCfg = Debug|Any CPU
		{87EFD9F2-F3B5-424B-8906-B95CD5DB95E8}.Debug|Any CPU.Build.0 = Debug|Any CPU
		{87EFD9F2-F3B5-424B-8906-B95CD5DB95E8}.Release|Any CPU.ActiveCfg = Release|Any CPU
		{87EFD9F2-F3B5-424B-8906-B95CD5DB95E8}.Release|Any CPU.Build.0 = Release|Any CPU
		{98F97CDE-7971-4258-8DBE-DD99E8AB33DC}.Debug|Any CPU.ActiveCfg = Debug|Any CPU
		{98F97CDE-7971-4258-8DBE-DD99E8AB33DC}.Debug|Any CPU.Build.0 = Debug|Any CPU
		{98F97CDE-7971-4258-8DBE-DD99E8AB33DC}.Release|Any CPU.ActiveCfg = Release|Any CPU
		{98F97CDE-7971-4258-8DBE-DD99E8AB33DC}.Release|Any CPU.Build.0 = Release|Any CPU
	EndGlobalSection
	GlobalSection(SolutionProperties) = preSolution
		HideSolutionNode = FALSE
	EndGlobalSection
	GlobalSection(NestedProjects) = preSolution
		{116B2756-B29F-4D2F-AF52-81AE3E232186} = {6B1EAB06-3ECC-4FC0-803D-799F0D9AC0BD}
		{EBB598C5-A8A8-490D-90FA-06DA316DBE1C} = {6B1EAB06-3ECC-4FC0-803D-799F0D9AC0BD}
		{3A8521A0-4161-4D80-856E-8B3EE14E1725} = {6B1EAB06-3ECC-4FC0-803D-799F0D9AC0BD}
	EndGlobalSection
	GlobalSection(SubversionScc) = preSolution
		Svn-Managed = True
		Manager = AnkhSVN - Subversion Support for Visual Studio
	EndGlobalSection
EndGlobal
